
Microsoft Visual Studio Solution File, Format Version 12.00
# Visual Studio Version 17
VisualStudioVersion = 17.0.31912.275
MinimumVisualStudioVersion = 10.0.40219.1
Project("{9A19103F-16F7-4668-BE54-9A1E7A4F7556}") = "appli_groupe", "appli_groupe.csproj", "{2D521AAC-F6BA-482B-A893-4EC2243EA777}"
EndProject
Global
	GlobalSection(SolutionConfigurationPlatforms) = preSolution
		Debug|Any CPU = Debug|Any CPU
		Release|Any CPU = Release|Any CPU
	EndGlobalSection
	GlobalSection(ProjectConfigurationPlatforms) = postSolution
		{2D521AAC-F6BA-482B-A893-4EC2243EA777}.Debug|Any CPU.ActiveCfg = Debug|Any CPU
		{2D521AAC-F6BA-482B-A893-4EC2243EA777}.Debug|Any CPU.Build.0 = Debug|Any CPU
		{2D521AAC-F6BA-482B-A893-4EC2243EA777}.Release|Any CPU.ActiveCfg = Release|Any CPU
		{2D521AAC-F6BA-482B-A893-4EC2243EA777}.Release|Any CPU.Build.0 = Release|Any CPU
	EndGlobalSection
	GlobalSection(SolutionProperties) = preSolution
		HideSolutionNode = FALSE
	EndGlobalSection
	GlobalSection(ExtensibilityGlobals) = postSolution
		SolutionGuid = {B6FC3B40-B03A-4E59-80BF-BC9BDA38913E}
	EndGlobalSection
EndGlobal
